
Microsoft Visual Studio Solution File, Format Version 12.00
# Visual Studio Version 17
VisualStudioVersion = 17.14.36908.2
MinimumVisualStudioVersion = 10.0.40219.1
Project("{FAE04EC0-301F-11D3-BF4B-00C04F79EFBC}") = "ACRMS", "ACRMS.csproj", "{FE23ABB5-2B5D-404B-B2A8-37681D2819A8}"
EndProject
Global
	GlobalSection(SolutionConfigurationPlatforms) = preSolution
		Debug|Any CPU = Debug|Any CPU
		Release|Any CPU = Release|Any CPU
	EndGlobalSection
	GlobalSection(ProjectConfigurationPlatforms) = postSolution
		{FE23ABB5-2B5D-404B-B2A8-37681D2819A8}.Debug|Any CPU.ActiveCfg = Debug|Any CPU
		{FE23ABB5-2B5D-404B-B2A8-37681D2819A8}.Debug|Any CPU.Build.0 = Debug|Any CPU
		{FE23ABB5-2B5D-404B-B2A8-37681D2819A8}.Release|Any CPU.ActiveCfg = Release|Any CPU
		{FE23ABB5-2B5D-404B-B2A8-37681D2819A8}.Release|Any CPU.Build.0 = Release|Any CPU
	EndGlobalSection
	GlobalSection(SolutionProperties) = preSolution
		HideSolutionNode = FALSE
	EndGlobalSection
	GlobalSection(ExtensibilityGlobals) = postSolution
		SolutionGuid = {3D2ED074-1C81-48C0-92F8-2F1A482026FA}
	EndGlobalSection
EndGlobal
